
Microsoft Visual Studio Solution File, Format Version 12.00
# Visual Studio 15
VisualStudioVersion = 15.0.28307.168
MinimumVisualStudioVersion = 10.0.40219.1
Project("{FAE04EC0-301F-11D3-BF4B-00C04F79EFBC}") = "PortScanner", "PortScanner\PortScanner.csproj", "{F28D2475-2523-4EEE-B874-F1863043A96E}"
EndProject
Global
	GlobalSection(SolutionConfigurationPlatforms) = preSolution
		Debug|Any CPU = Debug|Any CPU
		Release|Any CPU = Release|Any CPU
	EndGlobalSection
	GlobalSection(ProjectConfigurationPlatforms) = postSolution
		{F28D2475-2523-4EEE-B874-F1863043A96E}.Debug|Any CPU.ActiveCfg = Debug|Any CPU
		{F28D2475-2523-4EEE-B874-F1863043A96E}.Debug|Any CPU.Build.0 = Debug|Any CPU
		{F28D2475-2523-4EEE-B874-F1863043A96E}.Release|Any CPU.ActiveCfg = Release|Any CPU
		{F28D2475-2523-4EEE-B874-F1863043A96E}.Release|Any CPU.Build.0 = Release|Any CPU
	EndGlobalSection
	GlobalSection(SolutionProperties) = preSolution
		HideSolutionNode = FALSE
	EndGlobalSection
	GlobalSection(ExtensibilityGlobals) = postSolution
		SolutionGuid = {8FD56454-BEF3-4D72-BA89-46026B43095C}
	EndGlobalSection
EndGlobal
